// !$*UTF8*$!
{
	archiveVersion = 1;
	classes = {
	};
	objectVersion = 50;
	objects = {

/* Begin PBXBuildFile section */
		D40201EA22012531007ED380 /* AppDelegate.swift in Sources */ = {isa = PBXBuildFile; fileRef = D40201E922012531007ED380 /* AppDelegate.swift */; };
		D40201EC22012531007ED380 /* ViewController.swift in Sources */ = {isa = PBXBuildFile; fileRef = D40201EB22012531007ED380 /* ViewController.swift */; };
		D40201EF22012531007ED380 /* Main.storyboard in Resources */ = {isa = PBXBuildFile; fileRef = D40201ED22012531007ED380 /* Main.storyboard */; };
		D40201F222012531007ED380 /* Database_Project.xcdatamodeld in Sources */ = {isa = PBXBuildFile; fileRef = D40201F022012531007ED380 /* Database_Project.xcdatamodeld */; };
		D40201F422012533007ED380 /* Assets.xcassets in Resources */ = {isa = PBXBuildFile; fileRef = D40201F322012533007ED380 /* Assets.xcassets */; };
		D40201F722012533007ED380 /* LaunchScreen.storyboard in Resources */ = {isa = PBXBuildFile; fileRef = D40201F522012533007ED380 /* LaunchScreen.storyboard */; };
		D402020222012533007ED380 /* Database_ProjectTests.swift in Sources */ = {isa = PBXBuildFile; fileRef = D402020122012533007ED380 /* Database_ProjectTests.swift */; };
/* End PBXBuildFile section */

/* Begin PBXContainerItemProxy section */
		D40201FE22012533007ED380 /* PBXContainerItemProxy */ = {
			isa = PBXContainerItemProxy;
			containerPortal = D40201DE22012531007ED380 /* Project object */;
			proxyType = 1;
			remoteGlobalIDString = D40201E522012531007ED380;
			remoteInfo = "Database Project";
		};
/* End PBXContainerItemProxy section */

/* Begin PBXFileReference section */
		D40201E622012531007ED380 /* Core Data 1.app */ = {isa = PBXFileReference; explicitFileType = wrapper.application; includeInIndex = 0; path = "Core Data 1.app"; sourceTree = BUILT_PRODUCTS_DIR; };
		D40201E922012531007ED380 /* AppDelegate.swift */ = {isa = PBXFileReference; lastKnownFileType = sourcecode.swift; path = AppDelegate.swift; sourceTree = "<group>"; };
		D40201EB22012531007ED380 /* ViewController.swift */ = {isa = PBXFileReference; lastKnownFileType = sourcecode.swift; path = ViewController.swift; sourceTree = "<group>"; };
		D40201EE22012531007ED380 /* Base */ = {isa = PBXFileReference; lastKnownFileType = file.storyboard; name = Base; path = Base.lproj/Main.storyboard; sourceTree = "<group>"; };
		D40201F122012531007ED380 /* Database_Project.xcdatamodel */ = {isa = PBXFileReference; lastKnownFileType = wrapper.xcdatamodel; path = Database_Project.xcdatamodel; sourceTree = "<group>"; };
		D40201F322012533007ED380 /* Assets.xcassets */ = {isa = PBXFileReference; lastKnownFileType = folder.assetcatalog; path = Assets.xcassets; sourceTree = "<group>"; };
		D40201F622012533007ED380 /* Base */ = {isa = PBXFileReference; lastKnownFileType = file.storyboard; name = Base; path = Base.lproj/LaunchScreen.storyboard; sourceTree = "<group>"; };
		D40201F822012533007ED380 /* Info.plist */ = {isa = PBXFileReference; lastKnownFileType = text.plist.xml; path = Info.plist; sourceTree = "<group>"; };
		D40201FD22012533007ED380 /* Core Data 1Tests.xctest */ = {isa = PBXFileReference; explicitFileType = wrapper.cfbundle; includeInIndex = 0; path = "Core Data 1Tests.xctest"; sourceTree = BUILT_PRODUCTS_DIR; };
		D402020122012533007ED380 /* Database_ProjectTests.swift */ = {isa = PBXFileReference; lastKnownFileType = sourcecode.swift; path = Database_ProjectTests.swift; sourceTree = "<group>"; };
		D402020322012533007ED380 /* Info.plist */ = {isa = PBXFileReference; lastKnownFileType = text.plist.xml; path = Info.plist; sourceTree = "<group>"; };
/* End PBXFileReference section */

/* Begin PBXFrameworksBuildPhase section */
		D40201E322012531007ED380 /* Frameworks */ = {
			isa = PBXFrameworksBuildPhase;
			buildActionMask = 2147483647;
			files = (
			);
			runOnlyForDeploymentPostprocessing = 0;
		};
		D40201FA22012533007ED380 /* Frameworks */ = {
			isa = PBXFrameworksBuildPhase;
			buildActionMask = 2147483647;
			files = (
			);
			runOnlyForDeploymentPostprocessing = 0;
		};
/* End PBXFrameworksBuildPhase section */

/* Begin PBXGroup section */
		D40201DD22012531007ED380 = {
			isa = PBXGroup;
			children = (
				D40201E822012531007ED380 /* Core Data 1 */,
				D402020022012533007ED380 /* Core Data 1 Tests */,
				D40201E722012531007ED380 /* Products */,
			);
			sourceTree = "<group>";
		};
		D40201E722012531007ED380 /* Products */ = {
			isa = PBXGroup;
			children = (
				D40201E622012531007ED380 /* Core Data 1.app */,
				D40201FD22012533007ED380 /* Core Data 1Tests.xctest */,
			);
			name = Products;
			sourceTree = "<group>";
		};
		D40201E822012531007ED380 /* Core Data 1 */ = {
			isa = PBXGroup;
			children = (
				D40201E922012531007ED380 /* AppDelegate.swift */,
				D40201EB22012531007ED380 /* ViewController.swift */,
				D40201ED22012531007ED380 /* Main.storyboard */,
				D40201F322012533007ED380 /* Assets.xcassets */,
				D40201F522012533007ED380 /* LaunchScreen.storyboard */,
				D40201F822012533007ED380 /* Info.plist */,
				D40201F022012531007ED380 /* Database_Project.xcdatamodeld */,
			);
			path = "Core Data 1";
			sourceTree = "<group>";
		};
		D402020022012533007ED380 /* Core Data 1 Tests */ = {
			isa = PBXGroup;
			children = (
				D402020122012533007ED380 /* Database_ProjectTests.swift */,
				D402020322012533007ED380 /* Info.plist */,
			);
			path = "Core Data 1 Tests";
			sourceTree = "<group>";
		};
/* End PBXGroup section */

/* Begin PBXNativeTarget section */
		D40201E522012531007ED380 /* Core Data 1 */ = {
			isa = PBXNativeTarget;
			buildConfigurationList = D402020622012533007ED380 /* Build configuration list for PBXNativeTarget "Core Data 1" */;
			buildPhases = (
				D40201E222012531007ED380 /* Sources */,
				D40201E322012531007ED380 /* Frameworks */,
				D40201E422012531007ED380 /* Resources */,
			);
			buildRules = (
			);
			dependencies = (
			);
			name = "Core Data 1";
			productName = "Database Project";
			productReference = D40201E622012531007ED380 /* Core Data 1.app */;
			productType = "com.apple.product-type.application";
		};
		D40201FC22012533007ED380 /* Core Data 1Tests */ = {
			isa = PBXNativeTarget;
			buildConfigurationList = D402020922012533007ED380 /* Build configuration list for PBXNativeTarget "Core Data 1Tests" */;
			buildPhases = (
				D40201F922012533007ED380 /* Sources */,
				D40201FA22012533007ED380 /* Frameworks */,
				D40201FB22012533007ED380 /* Resources */,
			);
			buildRules = (
			);
			dependencies = (
				D40201FF22012533007ED380 /* PBXTargetDependency */,
			);
			name = "Core Data 1Tests";
			productName = "Database ProjectTests";
			productReference = D40201FD22012533007ED380 /* Core Data 1Tests.xctest */;
			productType = "com.apple.product-type.bundle.unit-test";
		};
/* End PBXNativeTarget section */

/* Begin PBXProject section */
		D40201DE22012531007ED380 /* Project object */ = {
			isa = PBXProject;
			attributes = {
				LastSwiftUpdateCheck = 1000;
				LastUpgradeCheck = 1000;
				ORGANIZATIONNAME = "Joey deVilla";
				TargetAttributes = {
					D40201E522012531007ED380 = {
						CreatedOnToolsVersion = 10.0;
					};
					D40201FC22012533007ED380 = {
						CreatedOnToolsVersion = 10.0;
						TestTargetID = D40201E522012531007ED380;
					};
				};
			};
			buildConfigurationList = D40201E122012531007ED380 /* Build configuration list for PBXProject "Core Data 1" */;
			compatibilityVersion = "Xcode 9.3";
			developmentRegion = en;
			hasScannedForEncodings = 0;
			knownRegions = (
				en,
				Base,
			);
			mainGroup = D40201DD22012531007ED380;
			productRefGroup = D40201E722012531007ED380 /* Products */;
			projectDirPath = "";
			projectRoot = "";
			targets = (
				D40201E522012531007ED380 /* Core Data 1 */,
				D40201FC22012533007ED380 /* Core Data 1Tests */,
			);
		};
/* End PBXProject section */

/* Begin PBXResourcesBuildPhase section */
		D40201E422012531007ED380 /* Resources */ = {
			isa = PBXResourcesBuildPhase;
			buildActionMask = 2147483647;
			files = (
				D40201F722012533007ED380 /* LaunchScreen.storyboard in Resources */,
				D40201F422012533007ED380 /* Assets.xcassets in Resources */,
				D40201EF22012531007ED380 /* Main.storyboard in Resources */,
			);
			runOnlyForDeploymentPostprocessing = 0;
		};
		D40201FB22012533007ED380 /* Resources */ = {
			isa = PBXResourcesBuildPhase;
			buildActionMask = 2147483647;
			files = (
			);
			runOnlyForDeploymentPostprocessing = 0;
		};
/* End PBXResourcesBuildPhase section */

/* Begin PBXSourcesBuildPhase section */
		D40201E222012531007ED380 /* Sources */ = {
			isa = PBXSourcesBuildPhase;
			buildActionMask = 2147483647;
			files = (
				D40201F222012531007ED380 /* Database_Project.xcdatamodeld in Sources */,
				D40201EC22012531007ED380 /* ViewController.swift in Sources */,
				D40201EA22012531007ED380 /* AppDelegate.swift in Sources */,
			);
			runOnlyForDeploymentPostprocessing = 0;
		};
		D40201F922012533007ED380 /* Sources */ = {
			isa = PBXSourcesBuildPhase;
			buildActionMask = 2147483647;
			files = (
				D402020222012533007ED380 /* Database_ProjectTests.swift in Sources */,
			);
			runOnlyForDeploymentPostprocessing = 0;
		};
/* End PBXSourcesBuildPhase section */

/* Begin PBXTargetDependency section */
		D40201FF22012533007ED380 /* PBXTargetDependency */ = {
			isa = PBXTargetDependency;
			target = D40201E522012531007ED380 /* Core Data 1 */;
			targetProxy = D40201FE22012533007ED380 /* PBXContainerItemProxy */;
		};
/* End PBXTargetDependency section */

/* Begin PBXVariantGroup section */
		D40201ED22012531007ED380 /* Main.storyboard */ = {
			isa = PBXVariantGroup;
			children = (
				D40201EE22012531007ED380 /* Base */,
			);
			name = Main.storyboard;
			sourceTree = "<group>";
		};
		D40201F522012533007ED380 /* LaunchScreen.storyboard */ = {
			isa = PBXVariantGroup;
			children = (
				D40201F622012533007ED380 /* Base */,
			);
			name = LaunchScreen.storyboard;
			sourceTree = "<group>";
		};
/* End PBXVariantGroup section */

/* Begin XCBuildConfiguration section */
		D402020422012533007ED380 /* Debug */ = {
			isa = XCBuildConfiguration;
			buildSettings = {
				ALWAYS_SEARCH_USER_PATHS = NO;
				CLANG_ANALYZER_NONNULL = YES;
				CLANG_ANALYZER_NUMBER_OBJECT_CONVERSION = YES_AGGRESSIVE;
				CLANG_CXX_LANGUAGE_STANDARD = "gnu++14";
				CLANG_CXX_LIBRARY = "libc++";
				CLANG_ENABLE_MODULES = YES;
				CLANG_ENABLE_OBJC_ARC = YES;
				CLANG_ENABLE_OBJC_WEAK = YES;
				CLANG_WARN_BLOCK_CAPTURE_AUTORELEASING = YES;
				CLANG_WARN_BOOL_CONVERSION = YES;
				CLANG_WARN_COMMA = YES;
				CLANG_WARN_CONSTANT_CONVERSION = YES;
				CLANG_WARN_DEPRECATED_OBJC_IMPLEMENTATIONS = YES;
				CLANG_WARN_DIRECT_OBJC_ISA_USAGE = YES_ERROR;
				CLANG_WARN_DOCUMENTATION_COMMENTS = YES;
				CLANG_WARN_EMPTY_BODY = YES;
				CLANG_WARN_ENUM_CONVERSION = YES;
				CLANG_WARN_INFINITE_RECURSION = YES;
				CLANG_WARN_INT_CONVERSION = YES;
				CLANG_WARN_NON_LITERAL_NULL_CONVERSION = YES;
				CLANG_WARN_OBJC_IMPLICIT_RETAIN_SELF = YES;
				CLANG_WARN_OBJC_LITERAL_CONVERSION = YES;
				CLANG_WARN_OBJC_ROOT_CLASS = YES_ERROR;
				CLANG_WARN_RANGE_LOOP_ANALYSIS = YES;
				CLANG_WARN_STRICT_PROTOTYPES = YES;
				CLANG_WARN_SUSPICIOUS_MOVE = YES;
				CLANG_WARN_UNGUARDED_AVAILABILITY = YES_AGGRESSIVE;
				CLANG_WARN_UNREACHABLE_CODE = YES;
				CLANG_WARN__DUPLICATE_METHOD_MATCH = YES;
				CODE_SIGN_IDENTITY = "iPhone Developer";
				COPY_PHASE_STRIP = NO;
				DEBUG_INFORMATION_FORMAT = dwarf;
				ENABLE_STRICT_OBJC_MSGSEND = YES;
				ENABLE_TESTABILITY = YES;
				GCC_C_LANGUAGE_STANDARD = gnu11;
				GCC_DYNAMIC_NO_PIC = NO;
				GCC_NO_COMMON_BLOCKS = YES;
				GCC_OPTIMIZATION_LEVEL = 0;
				GCC_PREPROCESSOR_DEFINITIONS = (
					"DEBUG=1",
					"$(inherited)",
				);
				GCC_WARN_64_TO_32_BIT_CONVERSION = YES;
				GCC_WARN_ABOUT_RETURN_TYPE = YES_ERROR;
				GCC_WARN_UNDECLARED_SELECTOR = YES;
				GCC_WARN_UNINITIALIZED_AUTOS = YES_AGGRESSIVE;
				GCC_WARN_UNUSED_FUNCTION = YES;
				GCC_WARN_UNUSED_VARIABLE = YES;
				IPHONEOS_DEPLOYMENT_TARGET = 12.0;
				MTL_ENABLE_DEBUG_INFO = INCLUDE_SOURCE;
				MTL_FAST_MATH = YES;
				ONLY_ACTIVE_ARCH = YES;
				SDKROOT = iphoneos;
				SWIFT_ACTIVE_COMPILATION_CONDITIONS = DEBUG;
				SWIFT_OPTIMIZATION_LEVEL = "-Onone";
			};
			name = Debug;
		};
		D402020522012533007ED380 /* Release */ = {
			isa = XCBuildConfiguration;
			buildSettings = {
				ALWAYS_SEARCH_USER_PATHS = NO;
				CLANG_ANALYZER_NONNULL = YES;
				CLANG_ANALYZER_NUMBER_OBJECT_CONVERSION = YES_AGGRESSIVE;
				CLANG_CXX_LANGUAGE_STANDARD = "gnu++14";
				CLANG_CXX_LIBRARY = "libc++";
				CLANG_ENABLE_MODULES = YES;
				CLANG_ENABLE_OBJC_ARC = YES;
				CLANG_ENABLE_OBJC_WEAK = YES;
				CLANG_WARN_BLOCK_CAPTURE_AUTORELEASING = YES;
				CLANG_WARN_BOOL_CONVERSION = YES;
				CLANG_WARN_COMMA = YES;
				CLANG_WARN_CONSTANT_CONVERSION = YES;
				CLANG_WARN_DEPRECATED_OBJC_IMPLEMENTATIONS = YES;
				CLANG_WARN_DIRECT_OBJC_ISA_USAGE = YES_ERROR;
				CLANG_WARN_DOCUMENTATION_COMMENTS = YES;
				CLANG_WARN_EMPTY_BODY = YES;
				CLANG_WARN_ENUM_CONVERSION = YES;
				CLANG_WARN_INFINITE_RECURSION = YES;
				CLANG_WARN_INT_CONVERSION = YES;
				CLANG_WARN_NON_LITERAL_NULL_CONVERSION = YES;
				CLANG_WARN_OBJC_IMPLICIT_RETAIN_SELF = YES;
				CLANG_WARN_OBJC_LITERAL_CONVERSION = YES;
				CLANG_WARN_OBJC_ROOT_CLASS = YES_ERROR;
				CLANG_WARN_RANGE_LOOP_ANALYSIS = YES;
				CLANG_WARN_STRICT_PROTOTYPES = YES;
				CLANG_WARN_SUSPICIOUS_MOVE = YES;
				CLANG_WARN_UNGUARDED_AVAILABILITY = YES_AGGRESSIVE;
				CLANG_WARN_UNREACHABLE_CODE = YES;
				CLANG_WARN__DUPLICATE_METHOD_MATCH = YES;
				CODE_SIGN_IDENTITY = "iPhone Developer";
				COPY_PHASE_STRIP = NO;
				DEBUG_INFORMATION_FORMAT = "dwarf-with-dsym";
				ENABLE_NS_ASSERTIONS = NO;
				ENABLE_STRICT_OBJC_MSGSEND = YES;
				GCC_C_LANGUAGE_STANDARD = gnu11;
				GCC_NO_COMMON_BLOCKS = YES;
				GCC_WARN_64_TO_32_BIT_CONVERSION = YES;
				GCC_WARN_ABOUT_RETURN_TYPE = YES_ERROR;
				GCC_WARN_UNDECLARED_SELECTOR = YES;
				GCC_WARN_UNINITIALIZED_AUTOS = YES_AGGRESSIVE;
				GCC_WARN_UNUSED_FUNCTION = YES;
				GCC_WARN_UNUSED_VARIABLE = YES;
				IPHONEOS_DEPLOYMENT_TARGET = 12.0;
				MTL_ENABLE_DEBUG_INFO = NO;
				MTL_FAST_MATH = YES;
				SDKROOT = iphoneos;
				SWIFT_COMPILATION_MODE = wholemodule;
				SWIFT_OPTIMIZATION_LEVEL = "-O";
				VALIDATE_PRODUCT = YES;
			};
			name = Release;
		};
		D402020722012533007ED380 /* Debug */ = {
			isa = XCBuildConfiguration;
			buildSettings = {
				ASSETCATALOG_COMPILER_APPICON_NAME = AppIcon;
				CODE_SIGN_STYLE = Automatic;
				DEVELOPMENT_TEAM = EFL9LXPU8S;
				INFOPLIST_FILE = "$(SRCROOT)/Core Data 1/Info.plist";
				LD_RUNPATH_SEARCH_PATHS = (
					"$(inherited)",
					"@executable_path/Frameworks",
				);
				PRODUCT_BUNDLE_IDENTIFIER = com.joeydevilla.CoreData1;
				PRODUCT_NAME = "$(TARGET_NAME)";
				SWIFT_VERSION = 4.2;
				TARGETED_DEVICE_FAMILY = "1,2";
			};
			name = Debug;
		};
		D402020822012533007ED380 /* Release */ = {
			isa = XCBuildConfiguration;
			buildSettings = {
				ASSETCATALOG_COMPILER_APPICON_NAME = AppIcon;
				CODE_SIGN_STYLE = Automatic;
				DEVELOPMENT_TEAM = EFL9LXPU8S;
				INFOPLIST_FILE = "$(SRCROOT)/Core Data 1/Info.plist";
				LD_RUNPATH_SEARCH_PATHS = (
					"$(inherited)",
					"@executable_path/Frameworks",
				);
				PRODUCT_BUNDLE_IDENTIFIER = com.joeydevilla.CoreData1;
				PRODUCT_NAME = "$(TARGET_NAME)";
				SWIFT_VERSION = 4.2;
				TARGETED_DEVICE_FAMILY = "1,2";
			};
			name = Release;
		};
		D402020A22012533007ED380 /* Debug */ = {
			isa = XCBuildConfiguration;
			buildSettings = {
				ALWAYS_EMBED_SWIFT_STANDARD_LIBRARIES = YES;
				BUNDLE_LOADER = "$(TEST_HOST)";
				CODE_SIGN_STYLE = Automatic;
				DEVELOPMENT_TEAM = EFL9LXPU8S;
				INFOPLIST_FILE = "Database ProjectTests/Info.plist";
				LD_RUNPATH_SEARCH_PATHS = (
					"$(inherited)",
					"@executable_path/Frameworks",
					"@loader_path/Frameworks",
				);
				PRODUCT_BUNDLE_IDENTIFIER = "com.joeydevilla.Database-ProjectTests";
				PRODUCT_NAME = "$(TARGET_NAME)";
				SWIFT_VERSION = 4.2;
				TARGETED_DEVICE_FAMILY = "1,2";
				TEST_HOST = "$(BUILT_PRODUCTS_DIR)/Core Data 1.app/Core Data 1";
			};
			name = Debug;
		};
		D402020B22012533007ED380 /* Release */ = {
			isa = XCBuildConfiguration;
			buildSettings = {
				ALWAYS_EMBED_SWIFT_STANDARD_LIBRARIES = YES;
				BUNDLE_LOADER = "$(TEST_HOST)";
				CODE_SIGN_STYLE = Automatic;
				DEVELOPMENT_TEAM = EFL9LXPU8S;
				INFOPLIST_FILE = "Database ProjectTests/Info.plist";
				LD_RUNPATH_SEARCH_PATHS = (
					"$(inherited)",
					"@executable_path/Frameworks",
					"@loader_path/Frameworks",
				);
				PRODUCT_BUNDLE_IDENTIFIER = "com.joeydevilla.Database-ProjectTests";
				PRODUCT_NAME = "$(TARGET_NAME)";
				SWIFT_VERSION = 4.2;
				TARGETED_DEVICE_FAMILY = "1,2";
				TEST_HOST = "$(BUILT_PRODUCTS_DIR)/Core Data 1.app/Core Data 1";
			};
			name = Release;
		};
/* End XCBuildConfiguration section */

/* Begin XCConfigurationList section */
		D40201E122012531007ED380 /* Build configuration list for PBXProject "Core Data 1" */ = {
			isa = XCConfigurationList;
			buildConfigurations = (
				D402020422012533007ED380 /* Debug */,
				D402020522012533007ED380 /* Release */,
			);
			defaultConfigurationIsVisible = 0;
			defaultConfigurationName = Release;
		};
		D402020622012533007ED380 /* Build configuration list for PBXNativeTarget "Core Data 1" */ = {
			isa = XCConfigurationList;
			buildConfigurations = (
				D402020722012533007ED380 /* Debug */,
				D402020822012533007ED380 /* Release */,
			);
			defaultConfigurationIsVisible = 0;
			defaultConfigurationName = Release;
		};
		D402020922012533007ED380 /* Build configuration list for PBXNativeTarget "Core Data 1Tests" */ = {
			isa = XCConfigurationList;
			buildConfigurations = (
				D402020A22012533007ED380 /* Debug */,
				D402020B22012533007ED380 /* Release */,
			);
			defaultConfigurationIsVisible = 0;
			defaultConfigurationName = Release;
		};
/* End XCConfigurationList section */

/* Begin XCVersionGroup section */
		D40201F022012531007ED380 /* Database_Project.xcdatamodeld */ = {
			isa = XCVersionGroup;
			children = (
				D40201F122012531007ED380 /* Database_Project.xcdatamodel */,
			);
			currentVersion = D40201F122012531007ED380 /* Database_Project.xcdatamodel */;
			path = Database_Project.xcdatamodeld;
			sourceTree = "<group>";
			versionGroupType = wrapper.xcdatamodel;
		};
/* End XCVersionGroup section */
	};
	rootObject = D40201DE22012531007ED380 /* Project object */;
}
